// !$*UTF8*$!
{
	archiveVersion = 1;
	classes = {
	};
	objectVersion = 46;
	objects = {

/* Begin PBXBuildFile section */
		E924036E1CC8FA22002C561E /* main.m in Sources */ = {isa = PBXBuildFile; fileRef = E924036D1CC8FA22002C561E /* main.m */; };
		E92403711CC8FA22002C561E /* AppDelegate.m in Sources */ = {isa = PBXBuildFile; fileRef = E92403701CC8FA22002C561E /* AppDelegate.m */; };
		E92403741CC8FA22002C561E /* ViewController.m in Sources */ = {isa = PBXBuildFile; fileRef = E92403731CC8FA22002C561E /* ViewController.m */; };
		E92403771CC8FA22002C561E /* Main.storyboard in Resources */ = {isa = PBXBuildFile; fileRef = E92403751CC8FA22002C561E /* Main.storyboard */; };
		E92403791CC8FA22002C561E /* Assets.xcassets in Resources */ = {isa = PBXBuildFile; fileRef = E92403781CC8FA22002C561E /* Assets.xcassets */; };
		E924037C1CC8FA22002C561E /* LaunchScreen.storyboard in Resources */ = {isa = PBXBuildFile; fileRef = E924037A1CC8FA22002C561E /* LaunchScreen.storyboard */; };
		E92403851CC8FC09002C561E /* XZImageClipTouchView.m in Sources */ = {isa = PBXBuildFile; fileRef = E92403841CC8FC09002C561E /* XZImageClipTouchView.m */; };
		E98BC4F91CC9043200C9F8B6 /* XZImageClipScrollView.m in Sources */ = {isa = PBXBuildFile; fileRef = E98BC4F81CC9043200C9F8B6 /* XZImageClipScrollView.m */; };
/* End PBXBuildFile section */

/* Begin PBXFileReference section */
		E92403691CC8FA22002C561E /* XZImageClip.app */ = {isa = PBXFileReference; explicitFileType = wrapper.application; includeInIndex = 0; path = XZImageClip.app; sourceTree = BUILT_PRODUCTS_DIR; };
		E924036D1CC8FA22002C561E /* main.m */ = {isa = PBXFileReference; lastKnownFileType = sourcecode.c.objc; path = main.m; sourceTree = "<group>"; };
		E924036F1CC8FA22002C561E /* AppDelegate.h */ = {isa = PBXFileReference; lastKnownFileType = sourcecode.c.h; path = AppDelegate.h; sourceTree = "<group>"; };
		E92403701CC8FA22002C561E /* AppDelegate.m */ = {isa = PBXFileReference; lastKnownFileType = sourcecode.c.objc; path = AppDelegate.m; sourceTree = "<group>"; };
		E92403721CC8FA22002C561E /* ViewController.h */ = {isa = PBXFileReference; lastKnownFileType = sourcecode.c.h; path = ViewController.h; sourceTree = "<group>"; };
		E92403731CC8FA22002C561E /* ViewController.m */ = {isa = PBXFileReference; lastKnownFileType = sourcecode.c.objc; path = ViewController.m; sourceTree = "<group>"; };
		E92403761CC8FA22002C561E /* Base */ = {isa = PBXFileReference; lastKnownFileType = file.storyboard; name = Base; path = Base.lproj/Main.storyboard; sourceTree = "<group>"; };
		E92403781CC8FA22002C561E /* Assets.xcassets */ = {isa = PBXFileReference; lastKnownFileType = folder.assetcatalog; path = Assets.xcassets; sourceTree = "<group>"; };
		E924037B1CC8FA22002C561E /* Base */ = {isa = PBXFileReference; lastKnownFileType = file.storyboard; name = Base; path = Base.lproj/LaunchScreen.storyboard; sourceTree = "<group>"; };
		E924037D1CC8FA22002C561E /* Info.plist */ = {isa = PBXFileReference; lastKnownFileType = text.plist.xml; path = Info.plist; sourceTree = "<group>"; };
		E92403831CC8FC09002C561E /* XZImageClipTouchView.h */ = {isa = PBXFileReference; fileEncoding = 4; lastKnownFileType = sourcecode.c.h; path = XZImageClipTouchView.h; sourceTree = "<group>"; };
		E92403841CC8FC09002C561E /* XZImageClipTouchView.m */ = {isa = PBXFileReference; fileEncoding = 4; lastKnownFileType = sourcecode.c.objc; path = XZImageClipTouchView.m; sourceTree = "<group>"; };
		E98BC4F71CC9043200C9F8B6 /* XZImageClipScrollView.h */ = {isa = PBXFileReference; fileEncoding = 4; lastKnownFileType = sourcecode.c.h; path = XZImageClipScrollView.h; sourceTree = "<group>"; };
		E98BC4F81CC9043200C9F8B6 /* XZImageClipScrollView.m */ = {isa = PBXFileReference; fileEncoding = 4; lastKnownFileType = sourcecode.c.objc; path = XZImageClipScrollView.m; sourceTree = "<group>"; };
/* End PBXFileReference section */

/* Begin PBXFrameworksBuildPhase section */
		E92403661CC8FA22002C561E /* Frameworks */ = {
			isa = PBXFrameworksBuildPhase;
			buildActionMask = 2147483647;
			files = (
			);
			runOnlyForDeploymentPostprocessing = 0;
		};
/* End PBXFrameworksBuildPhase section */

/* Begin PBXGroup section */
		E92403601CC8FA22002C561E = {
			isa = PBXGroup;
			children = (
				E924036B1CC8FA22002C561E /* XZImageClip */,
				E924036A1CC8FA22002C561E /* Products */,
			);
			sourceTree = "<group>";
		};
		E924036A1CC8FA22002C561E /* Products */ = {
			isa = PBXGroup;
			children = (
				E92403691CC8FA22002C561E /* XZImageClip.app */,
			);
			name = Products;
			sourceTree = "<group>";
		};
		E924036B1CC8FA22002C561E /* XZImageClip */ = {
			isa = PBXGroup;
			children = (
				E924036F1CC8FA22002C561E /* AppDelegate.h */,
				E92403701CC8FA22002C561E /* AppDelegate.m */,
				E92403721CC8FA22002C561E /* ViewController.h */,
				E92403731CC8FA22002C561E /* ViewController.m */,
				E98BC4F71CC9043200C9F8B6 /* XZImageClipScrollView.h */,
				E98BC4F81CC9043200C9F8B6 /* XZImageClipScrollView.m */,
				E92403831CC8FC09002C561E /* XZImageClipTouchView.h */,
				E92403841CC8FC09002C561E /* XZImageClipTouchView.m */,
				E92403751CC8FA22002C561E /* Main.storyboard */,
				E92403781CC8FA22002C561E /* Assets.xcassets */,
				E924037A1CC8FA22002C561E /* LaunchScreen.storyboard */,
				E924037D1CC8FA22002C561E /* Info.plist */,
				E924036C1CC8FA22002C561E /* Supporting Files */,
			);
			path = XZImageClip;
			sourceTree = "<group>";
		};
		E924036C1CC8FA22002C561E /* Supporting Files */ = {
			isa = PBXGroup;
			children = (
				E924036D1CC8FA22002C561E /* main.m */,
			);
			name = "Supporting Files";
			sourceTree = "<group>";
		};
/* End PBXGroup section */

/* Begin PBXNativeTarget section */
		E92403681CC8FA22002C561E /* XZImageClip */ = {
			isa = PBXNativeTarget;
			buildConfigurationList = E92403801CC8FA22002C561E /* Build configuration list for PBXNativeTarget "XZImageClip" */;
			buildPhases = (
				E92403651CC8FA22002C561E /* Sources */,
				E92403661CC8FA22002C561E /* Frameworks */,
				E92403671CC8FA22002C561E /* Resources */,
			);
			buildRules = (
			);
			dependencies = (
			);
			name = XZImageClip;
			productName = XZImageClip;
			productReference = E92403691CC8FA22002C561E /* XZImageClip.app */;
			productType = "com.apple.product-type.application";
		};
/* End PBXNativeTarget section */

/* Begin PBXProject section */
		E92403611CC8FA22002C561E /* Project object */ = {
			isa = PBXProject;
			attributes = {
				LastUpgradeCheck = 0730;
				ORGANIZATIONNAME = "徐章";
				TargetAttributes = {
					E92403681CC8FA22002C561E = {
						CreatedOnToolsVersion = 7.3;
						DevelopmentTeam = 72MV6GX6X6;
					};
				};
			};
			buildConfigurationList = E92403641CC8FA22002C561E /* Build configuration list for PBXProject "XZImageClip" */;
			compatibilityVersion = "Xcode 3.2";
			developmentRegion = English;
			hasScannedForEncodings = 0;
			knownRegions = (
				en,
				Base,
			);
			mainGroup = E92403601CC8FA22002C561E;
			productRefGroup = E924036A1CC8FA22002C561E /* Products */;
			projectDirPath = "";
			projectRoot = "";
			targets = (
				E92403681CC8FA22002C561E /* XZImageClip */,
			);
		};
/* End PBXProject section */

/* Begin PBXResourcesBuildPhase section */
		E92403671CC8FA22002C561E /* Resources */ = {
			isa = PBXResourcesBuildPhase;
			buildActionMask = 2147483647;
			files = (
				E924037C1CC8FA22002C561E /* LaunchScreen.storyboard in Resources */,
				E92403791CC8FA22002C561E /* Assets.xcassets in Resources */,
				E92403771CC8FA22002C561E /* Main.storyboard in Resources */,
			);
			runOnlyForDeploymentPostprocessing = 0;
		};
/* End PBXResourcesBuildPhase section */

/* Begin PBXSourcesBuildPhase section */
		E92403651CC8FA22002C561E /* Sources */ = {
			isa = PBXSourcesBuildPhase;
			buildActionMask = 2147483647;
			files = (
				E92403851CC8FC09002C561E /* XZImageClipTouchView.m in Sources */,
				E92403741CC8FA22002C561E /* ViewController.m in Sources */,
				E92403711CC8FA22002C561E /* AppDelegate.m in Sources */,
				E924036E1CC8FA22002C561E /* main.m in Sources */,
				E98BC4F91CC9043200C9F8B6 /* XZImageClipScrollView.m in Sources */,
			);
			runOnlyForDeploymentPostprocessing = 0;
		};
/* End PBXSourcesBuildPhase section */

/* Begin PBXVariantGroup section */
		E92403751CC8FA22002C561E /* Main.storyboard */ = {
			isa = PBXVariantGroup;
			children = (
				E92403761CC8FA22002C561E /* Base */,
			);
			name = Main.storyboard;
			sourceTree = "<group>";
		};
		E924037A1CC8FA22002C561E /* LaunchScreen.storyboard */ = {
			isa = PBXVariantGroup;
			children = (
				E924037B1CC8FA22002C561E /* Base */,
			);
			name = LaunchScreen.storyboard;
			sourceTree = "<group>";
		};
/* End PBXVariantGroup section */

/* Begin XCBuildConfiguration section */
		E924037E1CC8FA22002C561E /* Debug */ = {
			isa = XCBuildConfiguration;
			buildSettings = {
				ALWAYS_SEARCH_USER_PATHS = NO;
				CLANG_ANALYZER_NONNULL = YES;
				CLANG_CXX_LANGUAGE_STANDARD = "gnu++0x";
				CLANG_CXX_LIBRARY = "libc++";
				CLANG_ENABLE_MODULES = YES;
				CLANG_ENABLE_OBJC_ARC = YES;
				CLANG_WARN_BOOL_CONVERSION = YES;
				CLANG_WARN_CONSTANT_CONVERSION = YES;
				CLANG_WARN_DIRECT_OBJC_ISA_USAGE = YES_ERROR;
				CLANG_WARN_EMPTY_BODY = YES;
				CLANG_WARN_ENUM_CONVERSION = YES;
				CLANG_WARN_INT_CONVERSION = YES;
				CLANG_WARN_OBJC_ROOT_CLASS = YES_ERROR;
				CLANG_WARN_UNREACHABLE_CODE = YES;
				CLANG_WARN__DUPLICATE_METHOD_MATCH = YES;
				CODE_SIGN_IDENTITY = "iPhone Developer: 章 徐 (8Q7EBYUPDX)";
				"CODE_SIGN_IDENTITY[sdk=iphoneos*]" = "iPhone Developer: 章 徐 (8Q7EBYUPDX)";
				COPY_PHASE_STRIP = NO;
				DEBUG_INFORMATION_FORMAT = dwarf;
				ENABLE_STRICT_OBJC_MSGSEND = YES;
				ENABLE_TESTABILITY = YES;
				GCC_C_LANGUAGE_STANDARD = gnu99;
				GCC_DYNAMIC_NO_PIC = NO;
				GCC_NO_COMMON_BLOCKS = YES;
				GCC_OPTIMIZATION_LEVEL = 0;
				GCC_PREPROCESSOR_DEFINITIONS = (
					"DEBUG=1",
					"$(inherited)",
				);
				GCC_WARN_64_TO_32_BIT_CONVERSION = YES;
				GCC_WARN_ABOUT_RETURN_TYPE = YES_ERROR;
				GCC_WARN_UNDECLARED_SELECTOR = YES;
				GCC_WARN_UNINITIALIZED_AUTOS = YES_AGGRESSIVE;
				GCC_WARN_UNUSED_FUNCTION = YES;
				GCC_WARN_UNUSED_VARIABLE = YES;
				IPHONEOS_DEPLOYMENT_TARGET = 9.3;
				MTL_ENABLE_DEBUG_INFO = YES;
				ONLY_ACTIVE_ARCH = YES;
				PROVISIONING_PROFILE = "df65c406-c475-42bd-b81f-d01a109c42e3";
				SDKROOT = iphoneos;
			};
			name = Debug;
		};
		E924037F1CC8FA22002C561E /* Release */ = {
			isa = XCBuildConfiguration;
			buildSettings = {
				ALWAYS_SEARCH_USER_PATHS = NO;
				CLANG_ANALYZER_NONNULL = YES;
				CLANG_CXX_LANGUAGE_STANDARD = "gnu++0x";
				CLANG_CXX_LIBRARY = "libc++";
				CLANG_ENABLE_MODULES = YES;
				CLANG_ENABLE_OBJC_ARC = YES;
				CLANG_WARN_BOOL_CONVERSION = YES;
				CLANG_WARN_CONSTANT_CONVERSION = YES;
				CLANG_WARN_DIRECT_OBJC_ISA_USAGE = YES_ERROR;
				CLANG_WARN_EMPTY_BODY = YES;
				CLANG_WARN_ENUM_CONVERSION = YES;
				CLANG_WARN_INT_CONVERSION = YES;
				CLANG_WARN_OBJC_ROOT_CLASS = YES_ERROR;
				CLANG_WARN_UNREACHABLE_CODE = YES;
				CLANG_WARN__DUPLICATE_METHOD_MATCH = YES;
				CODE_SIGN_IDENTITY = "iPhone Developer: 章 徐 (8Q7EBYUPDX)";
				"CODE_SIGN_IDENTITY[sdk=iphoneos*]" = "iPhone Developer: 章 徐 (8Q7EBYUPDX)";
				COPY_PHASE_STRIP = NO;
				DEBUG_INFORMATION_FORMAT = "dwarf-with-dsym";
				ENABLE_NS_ASSERTIONS = NO;
				ENABLE_STRICT_OBJC_MSGSEND = YES;
				GCC_C_LANGUAGE_STANDARD = gnu99;
				GCC_NO_COMMON_BLOCKS = YES;
				GCC_WARN_64_TO_32_BIT_CONVERSION = YES;
				GCC_WARN_ABOUT_RETURN_TYPE = YES_ERROR;
				GCC_WARN_UNDECLARED_SELECTOR = YES;
				GCC_WARN_UNINITIALIZED_AUTOS = YES_AGGRESSIVE;
				GCC_WARN_UNUSED_FUNCTION = YES;
				GCC_WARN_UNUSED_VARIABLE = YES;
				IPHONEOS_DEPLOYMENT_TARGET = 9.3;
				MTL_ENABLE_DEBUG_INFO = NO;
				PROVISIONING_PROFILE = "df65c406-c475-42bd-b81f-d01a109c42e3";
				SDKROOT = iphoneos;
				VALIDATE_PRODUCT = YES;
			};
			name = Release;
		};
		E92403811CC8FA22002C561E /* Debug */ = {
			isa = XCBuildConfiguration;
			buildSettings = {
				ASSETCATALOG_COMPILER_APPICON_NAME = AppIcon;
				CODE_SIGN_IDENTITY = "iPhone Developer";
				"CODE_SIGN_IDENTITY[sdk=iphoneos*]" = "iPhone Developer: 章 徐 (8Q7EBYUPDX)";
				INFOPLIST_FILE = XZImageClip/Info.plist;
				IPHONEOS_DEPLOYMENT_TARGET = 9.0;
				LD_RUNPATH_SEARCH_PATHS = "$(inherited) @executable_path/Frameworks";
				PRODUCT_BUNDLE_IDENTIFIER = com.maicheng.timecalendar;
				PRODUCT_NAME = "$(TARGET_NAME)";
				PROVISIONING_PROFILE = "df65c406-c475-42bd-b81f-d01a109c42e3";
			};
			name = Debug;
		};
		E92403821CC8FA22002C561E /* Release */ = {
			isa = XCBuildConfiguration;
			buildSettings = {
				ASSETCATALOG_COMPILER_APPICON_NAME = AppIcon;
				CODE_SIGN_IDENTITY = "iPhone Developer";
				"CODE_SIGN_IDENTITY[sdk=iphoneos*]" = "iPhone Developer: 章 徐 (8Q7EBYUPDX)";
				INFOPLIST_FILE = XZImageClip/Info.plist;
				IPHONEOS_DEPLOYMENT_TARGET = 9.0;
				LD_RUNPATH_SEARCH_PATHS = "$(inherited) @executable_path/Frameworks";
				PRODUCT_BUNDLE_IDENTIFIER = com.maicheng.timecalendar;
				PRODUCT_NAME = "$(TARGET_NAME)";
				PROVISIONING_PROFILE = "df65c406-c475-42bd-b81f-d01a109c42e3";
			};
			name = Release;
		};
/* End XCBuildConfiguration section */

/* Begin XCConfigurationList section */
		E92403641CC8FA22002C561E /* Build configuration list for PBXProject "XZImageClip" */ = {
			isa = XCConfigurationList;
			buildConfigurations = (
				E924037E1CC8FA22002C561E /* Debug */,
				E924037F1CC8FA22002C561E /* Release */,
			);
			defaultConfigurationIsVisible = 0;
			defaultConfigurationName = Release;
		};
		E92403801CC8FA22002C561E /* Build configuration list for PBXNativeTarget "XZImageClip" */ = {
			isa = XCConfigurationList;
			buildConfigurations = (
				E92403811CC8FA22002C561E /* Debug */,
				E92403821CC8FA22002C561E /* Release */,
			);
			defaultConfigurationIsVisible = 0;
			defaultConfigurationName = Release;
		};
/* End XCConfigurationList section */
	};
	rootObject = E92403611CC8FA22002C561E /* Project object */;
}
